// !$*UTF8*$!
{
	archiveVersion = 1;
	classes = {
	};
	objectVersion = 50;
	objects = {

/* Begin PBXBuildFile section */
		2C2B9A492543E0C70087C2D5 /* AudioToolbox.framework in Frameworks */ = {isa = PBXBuildFile; fileRef = 2C2B9A482543E0C70087C2D5 /* AudioToolbox.framework */; };
		2CD4A35E2543A064005BA44D /* Bean_Time_App.swift in Sources */ = {isa = PBXBuildFile; fileRef = 2CD4A35D2543A064005BA44D /* Bean_Time_App.swift */; };
		2CD4A3602543A064005BA44D /* InventoryView.swift in Sources */ = {isa = PBXBuildFile; fileRef = 2CD4A35F2543A064005BA44D /* InventoryView.swift */; };
		2CD4A3622543A067005BA44D /* Assets.xcassets in Resources */ = {isa = PBXBuildFile; fileRef = 2CD4A3612543A067005BA44D /* Assets.xcassets */; };
		2CD4A3652543A067005BA44D /* Preview Assets.xcassets in Resources */ = {isa = PBXBuildFile; fileRef = 2CD4A3642543A067005BA44D /* Preview Assets.xcassets */; };
		2CD4A3672543A067005BA44D /* Persistence.swift in Sources */ = {isa = PBXBuildFile; fileRef = 2CD4A3662543A067005BA44D /* Persistence.swift */; };
		2CD4A36A2543A067005BA44D /* Bean_Time_.xcdatamodeld in Sources */ = {isa = PBXBuildFile; fileRef = 2CD4A3682543A067005BA44D /* Bean_Time_.xcdatamodeld */; };
		2CE8387C2545075B004D5E22 /* HomeView.swift in Sources */ = {isa = PBXBuildFile; fileRef = 2CE8387B2545075B004D5E22 /* HomeView.swift */; };
		2CE8388025450D90004D5E22 /* Colors.xcassets in Resources */ = {isa = PBXBuildFile; fileRef = 2CE8387F25450D90004D5E22 /* Colors.xcassets */; };
/* End PBXBuildFile section */

/* Begin PBXFileReference section */
		2C2B9A482543E0C70087C2D5 /* AudioToolbox.framework */ = {isa = PBXFileReference; lastKnownFileType = wrapper.framework; name = AudioToolbox.framework; path = System/Library/Frameworks/AudioToolbox.framework; sourceTree = SDKROOT; };
		2CC828412544A28800FCA491 /* Bean Time!.entitlements */ = {isa = PBXFileReference; lastKnownFileType = text.plist.entitlements; path = "Bean Time!.entitlements"; sourceTree = "<group>"; };
		2CC828422544A28800FCA491 /* HomeKit.framework */ = {isa = PBXFileReference; lastKnownFileType = wrapper.framework; name = HomeKit.framework; path = System/Library/Frameworks/HomeKit.framework; sourceTree = SDKROOT; };
		2CD4A35A2543A064005BA44D /* Bean Time!.app */ = {isa = PBXFileReference; explicitFileType = wrapper.application; includeInIndex = 0; path = "Bean Time!.app"; sourceTree = BUILT_PRODUCTS_DIR; };
		2CD4A35D2543A064005BA44D /* Bean_Time_App.swift */ = {isa = PBXFileReference; lastKnownFileType = sourcecode.swift; path = Bean_Time_App.swift; sourceTree = "<group>"; };
		2CD4A35F2543A064005BA44D /* InventoryView.swift */ = {isa = PBXFileReference; lastKnownFileType = sourcecode.swift; path = InventoryView.swift; sourceTree = "<group>"; };
		2CD4A3612543A067005BA44D /* Assets.xcassets */ = {isa = PBXFileReference; lastKnownFileType = folder.assetcatalog; path = Assets.xcassets; sourceTree = "<group>"; };
		2CD4A3642543A067005BA44D /* Preview Assets.xcassets */ = {isa = PBXFileReference; lastKnownFileType = folder.assetcatalog; path = "Preview Assets.xcassets"; sourceTree = "<group>"; };
		2CD4A3662543A067005BA44D /* Persistence.swift */ = {isa = PBXFileReference; lastKnownFileType = sourcecode.swift; path = Persistence.swift; sourceTree = "<group>"; };
		2CD4A3692543A067005BA44D /* What_s_For_Dinner_.xcdatamodel */ = {isa = PBXFileReference; lastKnownFileType = wrapper.xcdatamodel; path = What_s_For_Dinner_.xcdatamodel; sourceTree = "<group>"; };
		2CD4A36B2543A067005BA44D /* Info.plist */ = {isa = PBXFileReference; lastKnownFileType = text.plist.xml; path = Info.plist; sourceTree = "<group>"; };
		2CE8387B2545075B004D5E22 /* HomeView.swift */ = {isa = PBXFileReference; lastKnownFileType = sourcecode.swift; path = HomeView.swift; sourceTree = "<group>"; };
		2CE8387F25450D90004D5E22 /* Colors.xcassets */ = {isa = PBXFileReference; lastKnownFileType = folder.assetcatalog; path = Colors.xcassets; sourceTree = "<group>"; };
/* End PBXFileReference section */

/* Begin PBXFrameworksBuildPhase section */
		2CD4A3572543A064005BA44D /* Frameworks */ = {
			isa = PBXFrameworksBuildPhase;
			buildActionMask = 2147483647;
			files = (
				2C2B9A492543E0C70087C2D5 /* AudioToolbox.framework in Frameworks */,
			);
			runOnlyForDeploymentPostprocessing = 0;
		};
/* End PBXFrameworksBuildPhase section */

/* Begin PBXGroup section */
		2C2B9A472543E0C70087C2D5 /* Frameworks */ = {
			isa = PBXGroup;
			children = (
				2CC828422544A28800FCA491 /* HomeKit.framework */,
				2C2B9A482543E0C70087C2D5 /* AudioToolbox.framework */,
			);
			name = Frameworks;
			sourceTree = "<group>";
		};
		2CD4A3512543A064005BA44D = {
			isa = PBXGroup;
			children = (
				2CD4A35C2543A064005BA44D /* Bean Time! */,
				2CD4A35B2543A064005BA44D /* Products */,
				2C2B9A472543E0C70087C2D5 /* Frameworks */,
			);
			sourceTree = "<group>";
		};
		2CD4A35B2543A064005BA44D /* Products */ = {
			isa = PBXGroup;
			children = (
				2CD4A35A2543A064005BA44D /* Bean Time!.app */,
			);
			name = Products;
			sourceTree = "<group>";
		};
		2CD4A35C2543A064005BA44D /* Bean Time! */ = {
			isa = PBXGroup;
			children = (
				2CC828412544A28800FCA491 /* Bean Time!.entitlements */,
				2CD4A35D2543A064005BA44D /* Bean_Time_App.swift */,
				2CE8387B2545075B004D5E22 /* HomeView.swift */,
				2CD4A35F2543A064005BA44D /* InventoryView.swift */,
				2CD4A3612543A067005BA44D /* Assets.xcassets */,
				2CE8387F25450D90004D5E22 /* Colors.xcassets */,
				2CD4A3662543A067005BA44D /* Persistence.swift */,
				2CD4A36B2543A067005BA44D /* Info.plist */,
				2CD4A3682543A067005BA44D /* Bean_Time_.xcdatamodeld */,
				2CD4A3632543A067005BA44D /* Preview Content */,
			);
			path = "Bean Time!";
			sourceTree = "<group>";
		};
		2CD4A3632543A067005BA44D /* Preview Content */ = {
			isa = PBXGroup;
			children = (
				2CD4A3642543A067005BA44D /* Preview Assets.xcassets */,
			);
			path = "Preview Content";
			sourceTree = "<group>";
		};
/* End PBXGroup section */

/* Begin PBXNativeTarget section */
		2CD4A3592543A064005BA44D /* Bean Time! */ = {
			isa = PBXNativeTarget;
			buildConfigurationList = 2CD4A36E2543A067005BA44D /* Build configuration list for PBXNativeTarget "Bean Time!" */;
			buildPhases = (
				2CD4A3562543A064005BA44D /* Sources */,
				2CD4A3572543A064005BA44D /* Frameworks */,
				2CD4A3582543A064005BA44D /* Resources */,
			);
			buildRules = (
			);
			dependencies = (
			);
			name = "Bean Time!";
			productName = "What's For Dinner?";
			productReference = 2CD4A35A2543A064005BA44D /* Bean Time!.app */;
			productType = "com.apple.product-type.application";
		};
/* End PBXNativeTarget section */

/* Begin PBXProject section */
		2CD4A3522543A064005BA44D /* Project object */ = {
			isa = PBXProject;
			attributes = {
				LastSwiftUpdateCheck = 1210;
				LastUpgradeCheck = 1210;
				TargetAttributes = {
					2CD4A3592543A064005BA44D = {
						CreatedOnToolsVersion = 12.1;
					};
				};
			};
			buildConfigurationList = 2CD4A3552543A064005BA44D /* Build configuration list for PBXProject "Bean Time!" */;
			compatibilityVersion = "Xcode 9.3";
			developmentRegion = en;
			hasScannedForEncodings = 0;
			knownRegions = (
				en,
				Base,
			);
			mainGroup = 2CD4A3512543A064005BA44D;
			productRefGroup = 2CD4A35B2543A064005BA44D /* Products */;
			projectDirPath = "";
			projectRoot = "";
			targets = (
				2CD4A3592543A064005BA44D /* Bean Time! */,
			);
		};
/* End PBXProject section */

/* Begin PBXResourcesBuildPhase section */
		2CD4A3582543A064005BA44D /* Resources */ = {
			isa = PBXResourcesBuildPhase;
			buildActionMask = 2147483647;
			files = (
				2CE8388025450D90004D5E22 /* Colors.xcassets in Resources */,
				2CD4A3652543A067005BA44D /* Preview Assets.xcassets in Resources */,
				2CD4A3622543A067005BA44D /* Assets.xcassets in Resources */,
			);
			runOnlyForDeploymentPostprocessing = 0;
		};
/* End PBXResourcesBuildPhase section */

/* Begin PBXSourcesBuildPhase section */
		2CD4A3562543A064005BA44D /* Sources */ = {
			isa = PBXSourcesBuildPhase;
			buildActionMask = 2147483647;
			files = (
				2CD4A3672543A067005BA44D /* Persistence.swift in Sources */,
				2CD4A36A2543A067005BA44D /* Bean_Time_.xcdatamodeld in Sources */,
				2CD4A3602543A064005BA44D /* InventoryView.swift in Sources */,
				2CE8387C2545075B004D5E22 /* HomeView.swift in Sources */,
				2CD4A35E2543A064005BA44D /* Bean_Time_App.swift in Sources */,
			);
			runOnlyForDeploymentPostprocessing = 0;
		};
/* End PBXSourcesBuildPhase section */

/* Begin XCBuildConfiguration section */
		2CD4A36C2543A067005BA44D /* Debug */ = {
			isa = XCBuildConfiguration;
			buildSettings = {
				ALWAYS_SEARCH_USER_PATHS = NO;
				CLANG_ANALYZER_NONNULL = YES;
				CLANG_ANALYZER_NUMBER_OBJECT_CONVERSION = YES_AGGRESSIVE;
				CLANG_CXX_LANGUAGE_STANDARD = "gnu++14";
				CLANG_CXX_LIBRARY = "libc++";
				CLANG_ENABLE_MODULES = YES;
				CLANG_ENABLE_OBJC_ARC = YES;
				CLANG_ENABLE_OBJC_WEAK = YES;
				CLANG_WARN_BLOCK_CAPTURE_AUTORELEASING = YES;
				CLANG_WARN_BOOL_CONVERSION = YES;
				CLANG_WARN_COMMA = YES;
				CLANG_WARN_CONSTANT_CONVERSION = YES;
				CLANG_WARN_DEPRECATED_OBJC_IMPLEMENTATIONS = YES;
				CLANG_WARN_DIRECT_OBJC_ISA_USAGE = YES_ERROR;
				CLANG_WARN_DOCUMENTATION_COMMENTS = YES;
				CLANG_WARN_EMPTY_BODY = YES;
				CLANG_WARN_ENUM_CONVERSION = YES;
				CLANG_WARN_INFINITE_RECURSION = YES;
				CLANG_WARN_INT_CONVERSION = YES;
				CLANG_WARN_NON_LITERAL_NULL_CONVERSION = YES;
				CLANG_WARN_OBJC_IMPLICIT_RETAIN_SELF = YES;
				CLANG_WARN_OBJC_LITERAL_CONVERSION = YES;
				CLANG_WARN_OBJC_ROOT_CLASS = YES_ERROR;
				CLANG_WARN_QUOTED_INCLUDE_IN_FRAMEWORK_HEADER = YES;
				CLANG_WARN_RANGE_LOOP_ANALYSIS = YES;
				CLANG_WARN_STRICT_PROTOTYPES = YES;
				CLANG_WARN_SUSPICIOUS_MOVE = YES;
				CLANG_WARN_UNGUARDED_AVAILABILITY = YES_AGGRESSIVE;
				CLANG_WARN_UNREACHABLE_CODE = YES;
				CLANG_WARN__DUPLICATE_METHOD_MATCH = YES;
				COPY_PHASE_STRIP = NO;
				DEBUG_INFORMATION_FORMAT = dwarf;
				ENABLE_STRICT_OBJC_MSGSEND = YES;
				ENABLE_TESTABILITY = YES;
				GCC_C_LANGUAGE_STANDARD = gnu11;
				GCC_DYNAMIC_NO_PIC = NO;
				GCC_NO_COMMON_BLOCKS = YES;
				GCC_OPTIMIZATION_LEVEL = 0;
				GCC_PREPROCESSOR_DEFINITIONS = (
					"DEBUG=1",
					"$(inherited)",
				);
				GCC_WARN_64_TO_32_BIT_CONVERSION = YES;
				GCC_WARN_ABOUT_RETURN_TYPE = YES_ERROR;
				GCC_WARN_UNDECLARED_SELECTOR = YES;
				GCC_WARN_UNINITIALIZED_AUTOS = YES_AGGRESSIVE;
				GCC_WARN_UNUSED_FUNCTION = YES;
				GCC_WARN_UNUSED_VARIABLE = YES;
				IPHONEOS_DEPLOYMENT_TARGET = 14.1;
				MTL_ENABLE_DEBUG_INFO = INCLUDE_SOURCE;
				MTL_FAST_MATH = YES;
				ONLY_ACTIVE_ARCH = YES;
				SDKROOT = iphoneos;
				SWIFT_ACTIVE_COMPILATION_CONDITIONS = DEBUG;
				SWIFT_OPTIMIZATION_LEVEL = "-Onone";
			};
			name = Debug;
		};
		2CD4A36D2543A067005BA44D /* Release */ = {
			isa = XCBuildConfiguration;
			buildSettings = {
				ALWAYS_SEARCH_USER_PATHS = NO;
				CLANG_ANALYZER_NONNULL = YES;
				CLANG_ANALYZER_NUMBER_OBJECT_CONVERSION = YES_AGGRESSIVE;
				CLANG_CXX_LANGUAGE_STANDARD = "gnu++14";
				CLANG_CXX_LIBRARY = "libc++";
				CLANG_ENABLE_MODULES = YES;
				CLANG_ENABLE_OBJC_ARC = YES;
				CLANG_ENABLE_OBJC_WEAK = YES;
				CLANG_WARN_BLOCK_CAPTURE_AUTORELEASING = YES;
				CLANG_WARN_BOOL_CONVERSION = YES;
				CLANG_WARN_COMMA = YES;
				CLANG_WARN_CONSTANT_CONVERSION = YES;
				CLANG_WARN_DEPRECATED_OBJC_IMPLEMENTATIONS = YES;
				CLANG_WARN_DIRECT_OBJC_ISA_USAGE = YES_ERROR;
				CLANG_WARN_DOCUMENTATION_COMMENTS = YES;
				CLANG_WARN_EMPTY_BODY = YES;
				CLANG_WARN_ENUM_CONVERSION = YES;
				CLANG_WARN_INFINITE_RECURSION = YES;
				CLANG_WARN_INT_CONVERSION = YES;
				CLANG_WARN_NON_LITERAL_NULL_CONVERSION = YES;
				CLANG_WARN_OBJC_IMPLICIT_RETAIN_SELF = YES;
				CLANG_WARN_OBJC_LITERAL_CONVERSION = YES;
				CLANG_WARN_OBJC_ROOT_CLASS = YES_ERROR;
				CLANG_WARN_QUOTED_INCLUDE_IN_FRAMEWORK_HEADER = YES;
				CLANG_WARN_RANGE_LOOP_ANALYSIS = YES;
				CLANG_WARN_STRICT_PROTOTYPES = YES;
				CLANG_WARN_SUSPICIOUS_MOVE = YES;
				CLANG_WARN_UNGUARDED_AVAILABILITY = YES_AGGRESSIVE;
				CLANG_WARN_UNREACHABLE_CODE = YES;
				CLANG_WARN__DUPLICATE_METHOD_MATCH = YES;
				COPY_PHASE_STRIP = NO;
				DEBUG_INFORMATION_FORMAT = "dwarf-with-dsym";
				ENABLE_NS_ASSERTIONS = NO;
				ENABLE_STRICT_OBJC_MSGSEND = YES;
				GCC_C_LANGUAGE_STANDARD = gnu11;
				GCC_NO_COMMON_BLOCKS = YES;
				GCC_WARN_64_TO_32_BIT_CONVERSION = YES;
				GCC_WARN_ABOUT_RETURN_TYPE = YES_ERROR;
				GCC_WARN_UNDECLARED_SELECTOR = YES;
				GCC_WARN_UNINITIALIZED_AUTOS = YES_AGGRESSIVE;
				GCC_WARN_UNUSED_FUNCTION = YES;
				GCC_WARN_UNUSED_VARIABLE = YES;
				IPHONEOS_DEPLOYMENT_TARGET = 14.1;
				MTL_ENABLE_DEBUG_INFO = NO;
				MTL_FAST_MATH = YES;
				SDKROOT = iphoneos;
				SWIFT_COMPILATION_MODE = wholemodule;
				SWIFT_OPTIMIZATION_LEVEL = "-O";
				VALIDATE_PRODUCT = YES;
			};
			name = Release;
		};
		2CD4A36F2543A067005BA44D /* Debug */ = {
			isa = XCBuildConfiguration;
			buildSettings = {
				ASSETCATALOG_COMPILER_APPICON_NAME = AppIcon;
				ASSETCATALOG_COMPILER_GLOBAL_ACCENT_COLOR_NAME = AccentColor;
				CODE_SIGN_ENTITLEMENTS = "Bean Time!/Bean Time!.entitlements";
				CODE_SIGN_STYLE = Automatic;
				DEVELOPMENT_ASSET_PATHS = "\"Bean Time!/Preview Content\"";
				DEVELOPMENT_TEAM = N34V35YPTX;
				ENABLE_PREVIEWS = YES;
				INFOPLIST_FILE = "Bean Time!/Info.plist";
				IPHONEOS_DEPLOYMENT_TARGET = 14.0;
				LD_RUNPATH_SEARCH_PATHS = (
					"$(inherited)",
					"@executable_path/Frameworks",
				);
				PRODUCT_BUNDLE_IDENTIFIER = "HeyMom.Bean-Time-";
				PRODUCT_NAME = "$(TARGET_NAME)";
				SWIFT_VERSION = 5.0;
				TARGETED_DEVICE_FAMILY = "1,2";
			};
			name = Debug;
		};
		2CD4A3702543A067005BA44D /* Release */ = {
			isa = XCBuildConfiguration;
			buildSettings = {
				ASSETCATALOG_COMPILER_APPICON_NAME = AppIcon;
				ASSETCATALOG_COMPILER_GLOBAL_ACCENT_COLOR_NAME = AccentColor;
				CODE_SIGN_ENTITLEMENTS = "Bean Time!/Bean Time!.entitlements";
				CODE_SIGN_STYLE = Automatic;
				DEVELOPMENT_ASSET_PATHS = "\"Bean Time!/Preview Content\"";
				DEVELOPMENT_TEAM = N34V35YPTX;
				ENABLE_PREVIEWS = YES;
				INFOPLIST_FILE = "Bean Time!/Info.plist";
				IPHONEOS_DEPLOYMENT_TARGET = 14.0;
				LD_RUNPATH_SEARCH_PATHS = (
					"$(inherited)",
					"@executable_path/Frameworks",
				);
				PRODUCT_BUNDLE_IDENTIFIER = "HeyMom.Bean-Time-";
				PRODUCT_NAME = "$(TARGET_NAME)";
				SWIFT_VERSION = 5.0;
				TARGETED_DEVICE_FAMILY = "1,2";
			};
			name = Release;
		};
/* End XCBuildConfiguration section */

/* Begin XCConfigurationList section */
		2CD4A3552543A064005BA44D /* Build configuration list for PBXProject "Bean Time!" */ = {
			isa = XCConfigurationList;
			buildConfigurations = (
				2CD4A36C2543A067005BA44D /* Debug */,
				2CD4A36D2543A067005BA44D /* Release */,
			);
			defaultConfigurationIsVisible = 0;
			defaultConfigurationName = Release;
		};
		2CD4A36E2543A067005BA44D /* Build configuration list for PBXNativeTarget "Bean Time!" */ = {
			isa = XCConfigurationList;
			buildConfigurations = (
				2CD4A36F2543A067005BA44D /* Debug */,
				2CD4A3702543A067005BA44D /* Release */,
			);
			defaultConfigurationIsVisible = 0;
			defaultConfigurationName = Release;
		};
/* End XCConfigurationList section */

/* Begin XCVersionGroup section */
		2CD4A3682543A067005BA44D /* Bean_Time_.xcdatamodeld */ = {
			isa = XCVersionGroup;
			children = (
				2CD4A3692543A067005BA44D /* What_s_For_Dinner_.xcdatamodel */,
			);
			currentVersion = 2CD4A3692543A067005BA44D /* What_s_For_Dinner_.xcdatamodel */;
			path = Bean_Time_.xcdatamodeld;
			sourceTree = "<group>";
			versionGroupType = wrapper.xcdatamodel;
		};
/* End XCVersionGroup section */
	};
	rootObject = 2CD4A3522543A064005BA44D /* Project object */;
}
